
Microsoft Visual Studio Solution File, Format Version 12.00
# Visual Studio Version 16
VisualStudioVersion = 16.0.28803.202
MinimumVisualStudioVersion = 10.0.40219.1
Project("{FAE04EC0-301F-11D3-BF4B-00C04F79EFBC}") = "RazorPagesMovie", "RazorPagesMovie\RazorPagesMovie.csproj", "{450D9B1E-0850-4127-A2C8-CE05E1020678}"
EndProject
Global
	GlobalSection(SolutionConfigurationPlatforms) = preSolution
		Debug|Any CPU = Debug|Any CPU
		Release|Any CPU = Release|Any CPU
	EndGlobalSection
	GlobalSection(ProjectConfigurationPlatforms) = postSolution
		{450D9B1E-0850-4127-A2C8-CE05E1020678}.Debug|Any CPU.ActiveCfg = Debug|Any CPU
		{450D9B1E-0850-4127-A2C8-CE05E1020678}.Debug|Any CPU.Build.0 = Debug|Any CPU
		{450D9B1E-0850-4127-A2C8-CE05E1020678}.Release|Any CPU.ActiveCfg = Release|Any CPU
		{450D9B1E-0850-4127-A2C8-CE05E1020678}.Release|Any CPU.Build.0 = Release|Any CPU
	EndGlobalSection
	GlobalSection(SolutionProperties) = preSolution
		HideSolutionNode = FALSE
	EndGlobalSection
	GlobalSection(ExtensibilityGlobals) = postSolution
		SolutionGuid = {BB26695F-3004-4502-8CA2-406BC16D5082}
	EndGlobalSection
EndGlobal
